
Microsoft Visual Studio Solution File, Format Version 12.00
# Visual Studio 15
Project("{FAE04EC0-301F-11D3-BF4B-00C04F79EFBC}") = "Assembly-CSharp-Editor", "Assembly-CSharp-Editor.csproj", "{DEB6DD65-BA7E-7B8D-AFD6-8C384129CAF4}"
EndProject
Project("{FAE04EC0-301F-11D3-BF4B-00C04F79EFBC}") = "CFXREditor", "CFXREditor.csproj", "{69B8D46C-8E34-9B92-7791-B726F498927E}"
EndProject
Project("{FAE04EC0-301F-11D3-BF4B-00C04F79EFBC}") = "CFXRRuntime", "CFXRRuntime.csproj", "{31982F0E-8509-5F3C-0841-7736146487D4}"
EndProject
Project("{FAE04EC0-301F-11D3-BF4B-00C04F79EFBC}") = "Assembly-CSharp", "Assembly-CSharp.csproj", "{B15A7D39-11EF-F3AD-0B05-250751BD5B98}"
EndProject
Global
	GlobalSection(SolutionConfigurationPlatforms) = preSolution
		Debug|Any CPU = Debug|Any CPU
		Release|Any CPU = Release|Any CPU
	EndGlobalSection
	GlobalSection(ProjectConfigurationPlatforms) = postSolution
		{DEB6DD65-BA7E-7B8D-AFD6-8C384129CAF4}.Debug|Any CPU.ActiveCfg = Debug|Any CPU
		{DEB6DD65-BA7E-7B8D-AFD6-8C384129CAF4}.Debug|Any CPU.Build.0 = Debug|Any CPU
		{DEB6DD65-BA7E-7B8D-AFD6-8C384129CAF4}.Release|Any CPU.ActiveCfg = Release|Any CPU
		{DEB6DD65-BA7E-7B8D-AFD6-8C384129CAF4}.Release|Any CPU.Build.0 = Release|Any CPU
		{69B8D46C-8E34-9B92-7791-B726F498927E}.Debug|Any CPU.ActiveCfg = Debug|Any CPU
		{69B8D46C-8E34-9B92-7791-B726F498927E}.Debug|Any CPU.Build.0 = Debug|Any CPU
		{69B8D46C-8E34-9B92-7791-B726F498927E}.Release|Any CPU.ActiveCfg = Release|Any CPU
		{69B8D46C-8E34-9B92-7791-B726F498927E}.Release|Any CPU.Build.0 = Release|Any CPU
		{31982F0E-8509-5F3C-0841-7736146487D4}.Debug|Any CPU.ActiveCfg = Debug|Any CPU
		{31982F0E-8509-5F3C-0841-7736146487D4}.Debug|Any CPU.Build.0 = Debug|Any CPU
		{31982F0E-8509-5F3C-0841-7736146487D4}.Release|Any CPU.ActiveCfg = Release|Any CPU
		{31982F0E-8509-5F3C-0841-7736146487D4}.Release|Any CPU.Build.0 = Release|Any CPU
		{B15A7D39-11EF-F3AD-0B05-250751BD5B98}.Debug|Any CPU.ActiveCfg = Debug|Any CPU
		{B15A7D39-11EF-F3AD-0B05-250751BD5B98}.Debug|Any CPU.Build.0 = Debug|Any CPU
		{B15A7D39-11EF-F3AD-0B05-250751BD5B98}.Release|Any CPU.ActiveCfg = Release|Any CPU
		{B15A7D39-11EF-F3AD-0B05-250751BD5B98}.Release|Any CPU.Build.0 = Release|Any CPU
	EndGlobalSection
	GlobalSection(SolutionProperties) = preSolution
		HideSolutionNode = FALSE
	EndGlobalSection
EndGlobal
